# This file was autogenerated by uv via the following command:
#    uv export --frozen --extra test --no-emit-project --format requirements.txt --no-hashes --output-file requirements.lock
boto3==1.43.51
    # via alpha-lens-five-day-mvp
botocore==1.43.51
    # via
    #   boto3
    #   s3transfer
colorama==0.4.6 ; sys_platform == 'win32'
    # via pytest
coverage==7.15.2
    # via pytest-cov
execnet==2.1.2
    # via pytest-xdist
iniconfig==2.3.0
    # via pytest
jmespath==1.1.0
    # via
    #   boto3
    #   botocore
joblib==1.5.3
    # via
    #   alpha-lens-five-day-mvp
    #   scikit-learn
lightgbm==4.6.0
    # via alpha-lens-five-day-mvp
narwhals==2.24.0
    # via scikit-learn
numpy==2.4.6 ; python_full_version < '3.12'
    # via
    #   alpha-lens-five-day-mvp
    #   lightgbm
    #   pandas
    #   scikit-learn
    #   scipy
numpy==2.5.1 ; python_full_version >= '3.12'
    # via
    #   alpha-lens-five-day-mvp
    #   lightgbm
    #   pandas
    #   scikit-learn
    #   scipy
packaging==26.2
    # via pytest
pandas==2.3.3
    # via alpha-lens-five-day-mvp
pluggy==1.6.0
    # via
    #   pytest
    #   pytest-cov
pyarrow==23.0.1
    # via alpha-lens-five-day-mvp
pygments==2.20.0
    # via pytest
pytest==9.1.1
    # via
    #   alpha-lens-five-day-mvp
    #   pytest-cov
    #   pytest-xdist
pytest-cov==6.3.0
    # via alpha-lens-five-day-mvp
pytest-xdist==3.8.0
    # via alpha-lens-five-day-mvp
python-dateutil==2.9.0.post0
    # via
    #   botocore
    #   pandas
pytz==2026.2
    # via pandas
s3transfer==0.19.1
    # via boto3
scikit-learn==1.9.0
    # via alpha-lens-five-day-mvp
scipy==1.17.1 ; python_full_version < '3.12'
    # via
    #   alpha-lens-five-day-mvp
    #   lightgbm
    #   scikit-learn
scipy==1.18.0 ; python_full_version >= '3.12'
    # via
    #   alpha-lens-five-day-mvp
    #   lightgbm
    #   scikit-learn
six==1.17.0
    # via python-dateutil
threadpoolctl==3.6.0
    # via scikit-learn
tomli==2.4.1 ; python_full_version <= '3.11'
    # via coverage
truststore==0.10.4
    # via alpha-lens-five-day-mvp
tzdata==2026.3
    # via pandas
urllib3==2.7.0
    # via botocore
