# This file was autogenerated by uv via the following command:
#    uv pip compile --system-certs pyproject.toml --extra test --output-file requirements.lock
colorama==0.4.6
    # via pytest
coverage==7.15.2
    # via pytest-cov
execnet==2.1.2
    # via pytest-xdist
iniconfig==2.3.0
    # via pytest
joblib==1.5.3
    # via
    #   alpha-lens-five-day-mvp (pyproject.toml)
    #   scikit-learn
lightgbm==4.6.0
    # via alpha-lens-five-day-mvp (pyproject.toml)
narwhals==2.24.0
    # via scikit-learn
numpy==2.5.1
    # via
    #   alpha-lens-five-day-mvp (pyproject.toml)
    #   lightgbm
    #   pandas
    #   scikit-learn
    #   scipy
packaging==26.2
    # via pytest
pandas==2.3.3
    # via alpha-lens-five-day-mvp (pyproject.toml)
pluggy==1.6.0
    # via
    #   pytest
    #   pytest-cov
pygments==2.20.0
    # via pytest
pytest==9.1.1
    # via
    #   alpha-lens-five-day-mvp (pyproject.toml)
    #   pytest-cov
    #   pytest-xdist
pytest-cov==6.3.0
    # via alpha-lens-five-day-mvp (pyproject.toml)
pytest-xdist==3.8.0
    # via alpha-lens-five-day-mvp (pyproject.toml)
python-dateutil==2.9.0.post0
    # via pandas
pytz==2026.2
    # via pandas
scikit-learn==1.9.0
    # via alpha-lens-five-day-mvp (pyproject.toml)
scipy==1.18.0
    # via
    #   alpha-lens-five-day-mvp (pyproject.toml)
    #   lightgbm
    #   scikit-learn
six==1.17.0
    # via python-dateutil
threadpoolctl==3.6.0
    # via scikit-learn
truststore==0.10.4
    # via alpha-lens-five-day-mvp (pyproject.toml)
tzdata==2026.3
    # via pandas
